
Microsoft Visual Studio Solution File, Format Version 12.00
# Visual Studio 2013
VisualStudioVersion = 12.0.21005.1
MinimumVisualStudioVersion = 10.0.40219.1
Project("{FAE04EC0-301F-11D3-BF4B-00C04F79EFBC}") = "VKHashTag", "VKHashTag\VKHashTag.csproj", "{F7232D6A-CE48-4D63-B896-92AD921103F4}"
	ProjectSection(ProjectDependencies) = postProject
		{7F0E154B-D6FD-464C-BBF6-D56D11C2213F} = {7F0E154B-D6FD-464C-BBF6-D56D11C2213F}
		{942D11C4-29F5-46C4-8C14-4B976D56C637} = {942D11C4-29F5-46C4-8C14-4B976D56C637}
	EndProjectSection
EndProject
Project("{FAE04EC0-301F-11D3-BF4B-00C04F79EFBC}") = "vkAPI", "vkAPI\vkAPI.csproj", "{7F0E154B-D6FD-464C-BBF6-D56D11C2213F}"
EndProject
Project("{FAE04EC0-301F-11D3-BF4B-00C04F79EFBC}") = "MahApps.Metro.NET45", "MahApps.Metro\MahApps.Metro.NET45.csproj", "{942D11C4-29F5-46C4-8C14-4B976D56C637}"
EndProject
Project("{FAE04EC0-301F-11D3-BF4B-00C04F79EFBC}") = "Testing", "Testing\Testing.csproj", "{ACFF3942-E3A6-4E33-BFA0-8FB42764EE4B}"
EndProject
Global
	GlobalSection(SolutionConfigurationPlatforms) = preSolution
		Debug|Any CPU = Debug|Any CPU
		Release|Any CPU = Release|Any CPU
	EndGlobalSection
	GlobalSection(ProjectConfigurationPlatforms) = postSolution
		{F7232D6A-CE48-4D63-B896-92AD921103F4}.Debug|Any CPU.ActiveCfg = Debug|Any CPU
		{F7232D6A-CE48-4D63-B896-92AD921103F4}.Debug|Any CPU.Build.0 = Debug|Any CPU
		{F7232D6A-CE48-4D63-B896-92AD921103F4}.Release|Any CPU.ActiveCfg = Release|Any CPU
		{F7232D6A-CE48-4D63-B896-92AD921103F4}.Release|Any CPU.Build.0 = Release|Any CPU
		{7F0E154B-D6FD-464C-BBF6-D56D11C2213F}.Debug|Any CPU.ActiveCfg = Debug|Any CPU
		{7F0E154B-D6FD-464C-BBF6-D56D11C2213F}.Debug|Any CPU.Build.0 = Debug|Any CPU
		{7F0E154B-D6FD-464C-BBF6-D56D11C2213F}.Release|Any CPU.ActiveCfg = Release|Any CPU
		{7F0E154B-D6FD-464C-BBF6-D56D11C2213F}.Release|Any CPU.Build.0 = Release|Any CPU
		{942D11C4-29F5-46C4-8C14-4B976D56C637}.Debug|Any CPU.ActiveCfg = Debug|Any CPU
		{942D11C4-29F5-46C4-8C14-4B976D56C637}.Debug|Any CPU.Build.0 = Debug|Any CPU
		{942D11C4-29F5-46C4-8C14-4B976D56C637}.Release|Any CPU.ActiveCfg = Release|Any CPU
		{942D11C4-29F5-46C4-8C14-4B976D56C637}.Release|Any CPU.Build.0 = Release|Any CPU
		{ACFF3942-E3A6-4E33-BFA0-8FB42764EE4B}.Debug|Any CPU.ActiveCfg = Debug|Any CPU
		{ACFF3942-E3A6-4E33-BFA0-8FB42764EE4B}.Debug|Any CPU.Build.0 = Debug|Any CPU
		{ACFF3942-E3A6-4E33-BFA0-8FB42764EE4B}.Release|Any CPU.ActiveCfg = Release|Any CPU
		{ACFF3942-E3A6-4E33-BFA0-8FB42764EE4B}.Release|Any CPU.Build.0 = Release|Any CPU
	EndGlobalSection
	GlobalSection(SolutionProperties) = preSolution
		HideSolutionNode = FALSE
	EndGlobalSection
EndGlobal
